// !$*UTF8*$!
{
	archiveVersion = 1;
	classes = {
	};
	objectVersion = 48;
	objects = {

/* Begin PBXBuildFile section */
		CECFB0D41FB33BFB00F3FD26 /* AppDelegate.m in Sources */ = {isa = PBXBuildFile; fileRef = CECFB0D31FB33BFB00F3FD26 /* AppDelegate.m */; };
		CECFB0D71FB33BFB00F3FD26 /* ViewController.m in Sources */ = {isa = PBXBuildFile; fileRef = CECFB0D61FB33BFB00F3FD26 /* ViewController.m */; };
		CECFB0DA1FB33BFB00F3FD26 /* Main.storyboard in Resources */ = {isa = PBXBuildFile; fileRef = CECFB0D81FB33BFB00F3FD26 /* Main.storyboard */; };
		CECFB0DC1FB33BFB00F3FD26 /* Assets.xcassets in Resources */ = {isa = PBXBuildFile; fileRef = CECFB0DB1FB33BFB00F3FD26 /* Assets.xcassets */; };
		CECFB0DF1FB33BFB00F3FD26 /* LaunchScreen.storyboard in Resources */ = {isa = PBXBuildFile; fileRef = CECFB0DD1FB33BFB00F3FD26 /* LaunchScreen.storyboard */; };
		CECFB0E21FB33BFB00F3FD26 /* main.m in Sources */ = {isa = PBXBuildFile; fileRef = CECFB0E11FB33BFB00F3FD26 /* main.m */; };
		CECFB0EA1FB33C2500F3FD26 /* Car.m in Sources */ = {isa = PBXBuildFile; fileRef = CECFB0E91FB33C2500F3FD26 /* Car.m */; };
/* End PBXBuildFile section */

/* Begin PBXFileReference section */
		CECFB0CF1FB33BFB00F3FD26 /* Test.app */ = {isa = PBXFileReference; explicitFileType = wrapper.application; includeInIndex = 0; path = Test.app; sourceTree = BUILT_PRODUCTS_DIR; };
		CECFB0D21FB33BFB00F3FD26 /* AppDelegate.h */ = {isa = PBXFileReference; lastKnownFileType = sourcecode.c.h; path = AppDelegate.h; sourceTree = "<group>"; };
		CECFB0D31FB33BFB00F3FD26 /* AppDelegate.m */ = {isa = PBXFileReference; lastKnownFileType = sourcecode.c.objc; path = AppDelegate.m; sourceTree = "<group>"; };
		CECFB0D51FB33BFB00F3FD26 /* ViewController.h */ = {isa = PBXFileReference; lastKnownFileType = sourcecode.c.h; path = ViewController.h; sourceTree = "<group>"; };
		CECFB0D61FB33BFB00F3FD26 /* ViewController.m */ = {isa = PBXFileReference; lastKnownFileType = sourcecode.c.objc; path = ViewController.m; sourceTree = "<group>"; };
		CECFB0D91FB33BFB00F3FD26 /* Base */ = {isa = PBXFileReference; lastKnownFileType = file.storyboard; name = Base; path = Base.lproj/Main.storyboard; sourceTree = "<group>"; };
		CECFB0DB1FB33BFB00F3FD26 /* Assets.xcassets */ = {isa = PBXFileReference; lastKnownFileType = folder.assetcatalog; path = Assets.xcassets; sourceTree = "<group>"; };
		CECFB0DE1FB33BFB00F3FD26 /* Base */ = {isa = PBXFileReference; lastKnownFileType = file.storyboard; name = Base; path = Base.lproj/LaunchScreen.storyboard; sourceTree = "<group>"; };
		CECFB0E01FB33BFB00F3FD26 /* Info.plist */ = {isa = PBXFileReference; lastKnownFileType = text.plist.xml; path = Info.plist; sourceTree = "<group>"; };
		CECFB0E11FB33BFB00F3FD26 /* main.m */ = {isa = PBXFileReference; lastKnownFileType = sourcecode.c.objc; path = main.m; sourceTree = "<group>"; };
		CECFB0E81FB33C2500F3FD26 /* Car.h */ = {isa = PBXFileReference; lastKnownFileType = sourcecode.c.h; path = Car.h; sourceTree = "<group>"; };
		CECFB0E91FB33C2500F3FD26 /* Car.m */ = {isa = PBXFileReference; lastKnownFileType = sourcecode.c.objc; path = Car.m; sourceTree = "<group>"; };
/* End PBXFileReference section */

/* Begin PBXFrameworksBuildPhase section */
		CECFB0CC1FB33BFB00F3FD26 /* Frameworks */ = {
			isa = PBXFrameworksBuildPhase;
			buildActionMask = 2147483647;
			files = (
			);
			runOnlyForDeploymentPostprocessing = 0;
		};
/* End PBXFrameworksBuildPhase section */

/* Begin PBXGroup section */
		CECFB0C61FB33BFB00F3FD26 = {
			isa = PBXGroup;
			children = (
				CECFB0D11FB33BFB00F3FD26 /* Test */,
				CECFB0D01FB33BFB00F3FD26 /* Products */,
			);
			sourceTree = "<group>";
		};
		CECFB0D01FB33BFB00F3FD26 /* Products */ = {
			isa = PBXGroup;
			children = (
				CECFB0CF1FB33BFB00F3FD26 /* Test.app */,
			);
			name = Products;
			sourceTree = "<group>";
		};
		CECFB0D11FB33BFB00F3FD26 /* Test */ = {
			isa = PBXGroup;
			children = (
				CECFB0D21FB33BFB00F3FD26 /* AppDelegate.h */,
				CECFB0D31FB33BFB00F3FD26 /* AppDelegate.m */,
				CECFB0D51FB33BFB00F3FD26 /* ViewController.h */,
				CECFB0D61FB33BFB00F3FD26 /* ViewController.m */,
				CECFB0D81FB33BFB00F3FD26 /* Main.storyboard */,
				CECFB0DB1FB33BFB00F3FD26 /* Assets.xcassets */,
				CECFB0DD1FB33BFB00F3FD26 /* LaunchScreen.storyboard */,
				CECFB0E01FB33BFB00F3FD26 /* Info.plist */,
				CECFB0E11FB33BFB00F3FD26 /* main.m */,
				CECFB0E81FB33C2500F3FD26 /* Car.h */,
				CECFB0E91FB33C2500F3FD26 /* Car.m */,
			);
			path = Test;
			sourceTree = "<group>";
		};
/* End PBXGroup section */

/* Begin PBXNativeTarget section */
		CECFB0CE1FB33BFB00F3FD26 /* Test */ = {
			isa = PBXNativeTarget;
			buildConfigurationList = CECFB0E51FB33BFB00F3FD26 /* Build configuration list for PBXNativeTarget "Test" */;
			buildPhases = (
				CECFB0CB1FB33BFB00F3FD26 /* Sources */,
				CECFB0CC1FB33BFB00F3FD26 /* Frameworks */,
				CECFB0CD1FB33BFB00F3FD26 /* Resources */,
			);
			buildRules = (
			);
			dependencies = (
			);
			name = Test;
			productName = Test;
			productReference = CECFB0CF1FB33BFB00F3FD26 /* Test.app */;
			productType = "com.apple.product-type.application";
		};
/* End PBXNativeTarget section */

/* Begin PBXProject section */
		CECFB0C71FB33BFB00F3FD26 /* Project object */ = {
			isa = PBXProject;
			attributes = {
				LastUpgradeCheck = 0910;
				ORGANIZATIONNAME = user;
				TargetAttributes = {
					CECFB0CE1FB33BFB00F3FD26 = {
						CreatedOnToolsVersion = 9.1;
						ProvisioningStyle = Automatic;
					};
				};
			};
			buildConfigurationList = CECFB0CA1FB33BFB00F3FD26 /* Build configuration list for PBXProject "Test" */;
			compatibilityVersion = "Xcode 8.0";
			developmentRegion = en;
			hasScannedForEncodings = 0;
			knownRegions = (
				en,
				Base,
			);
			mainGroup = CECFB0C61FB33BFB00F3FD26;
			productRefGroup = CECFB0D01FB33BFB00F3FD26 /* Products */;
			projectDirPath = "";
			projectRoot = "";
			targets = (
				CECFB0CE1FB33BFB00F3FD26 /* Test */,
			);
		};
/* End PBXProject section */

/* Begin PBXResourcesBuildPhase section */
		CECFB0CD1FB33BFB00F3FD26 /* Resources */ = {
			isa = PBXResourcesBuildPhase;
			buildActionMask = 2147483647;
			files = (
				CECFB0DF1FB33BFB00F3FD26 /* LaunchScreen.storyboard in Resources */,
				CECFB0DC1FB33BFB00F3FD26 /* Assets.xcassets in Resources */,
				CECFB0DA1FB33BFB00F3FD26 /* Main.storyboard in Resources */,
			);
			runOnlyForDeploymentPostprocessing = 0;
		};
/* End PBXResourcesBuildPhase section */

/* Begin PBXSourcesBuildPhase section */
		CECFB0CB1FB33BFB00F3FD26 /* Sources */ = {
			isa = PBXSourcesBuildPhase;
			buildActionMask = 2147483647;
			files = (
				CECFB0D71FB33BFB00F3FD26 /* ViewController.m in Sources */,
				CECFB0E21FB33BFB00F3FD26 /* main.m in Sources */,
				CECFB0EA1FB33C2500F3FD26 /* Car.m in Sources */,
				CECFB0D41FB33BFB00F3FD26 /* AppDelegate.m in Sources */,
			);
			runOnlyForDeploymentPostprocessing = 0;
		};
/* End PBXSourcesBuildPhase section */

/* Begin PBXVariantGroup section */
		CECFB0D81FB33BFB00F3FD26 /* Main.storyboard */ = {
			isa = PBXVariantGroup;
			children = (
				CECFB0D91FB33BFB00F3FD26 /* Base */,
			);
			name = Main.storyboard;
			sourceTree = "<group>";
		};
		CECFB0DD1FB33BFB00F3FD26 /* LaunchScreen.storyboard */ = {
			isa = PBXVariantGroup;
			children = (
				CECFB0DE1FB33BFB00F3FD26 /* Base */,
			);
			name = LaunchScreen.storyboard;
			sourceTree = "<group>";
		};
/* End PBXVariantGroup section */

/* Begin XCBuildConfiguration section */
		CECFB0E31FB33BFB00F3FD26 /* Debug */ = {
			isa = XCBuildConfiguration;
			buildSettings = {
				ALWAYS_SEARCH_USER_PATHS = NO;
				CLANG_ANALYZER_NONNULL = YES;
				CLANG_ANALYZER_NUMBER_OBJECT_CONVERSION = YES_AGGRESSIVE;
				CLANG_CXX_LANGUAGE_STANDARD = "gnu++14";
				CLANG_CXX_LIBRARY = "libc++";
				CLANG_ENABLE_MODULES = YES;
				CLANG_ENABLE_OBJC_ARC = YES;
				CLANG_WARN_BLOCK_CAPTURE_AUTORELEASING = YES;
				CLANG_WARN_BOOL_CONVERSION = YES;
				CLANG_WARN_COMMA = YES;
				CLANG_WARN_CONSTANT_CONVERSION = YES;
				CLANG_WARN_DIRECT_OBJC_ISA_USAGE = YES_ERROR;
				CLANG_WARN_DOCUMENTATION_COMMENTS = YES;
				CLANG_WARN_EMPTY_BODY = YES;
				CLANG_WARN_ENUM_CONVERSION = YES;
				CLANG_WARN_INFINITE_RECURSION = YES;
				CLANG_WARN_INT_CONVERSION = YES;
				CLANG_WARN_NON_LITERAL_NULL_CONVERSION = YES;
				CLANG_WARN_OBJC_LITERAL_CONVERSION = YES;
				CLANG_WARN_OBJC_ROOT_CLASS = YES_ERROR;
				CLANG_WARN_RANGE_LOOP_ANALYSIS = YES;
				CLANG_WARN_STRICT_PROTOTYPES = YES;
				CLANG_WARN_SUSPICIOUS_MOVE = YES;
				CLANG_WARN_UNGUARDED_AVAILABILITY = YES_AGGRESSIVE;
				CLANG_WARN_UNREACHABLE_CODE = YES;
				CLANG_WARN__DUPLICATE_METHOD_MATCH = YES;
				CODE_SIGN_IDENTITY = "iPhone Developer";
				COPY_PHASE_STRIP = NO;
				DEBUG_INFORMATION_FORMAT = dwarf;
				ENABLE_STRICT_OBJC_MSGSEND = YES;
				ENABLE_TESTABILITY = YES;
				GCC_C_LANGUAGE_STANDARD = gnu11;
				GCC_DYNAMIC_NO_PIC = NO;
				GCC_NO_COMMON_BLOCKS = YES;
				GCC_OPTIMIZATION_LEVEL = 0;
				GCC_PREPROCESSOR_DEFINITIONS = (
					"DEBUG=1",
					"$(inherited)",
				);
				GCC_WARN_64_TO_32_BIT_CONVERSION = YES;
				GCC_WARN_ABOUT_RETURN_TYPE = YES_ERROR;
				GCC_WARN_UNDECLARED_SELECTOR = YES;
				GCC_WARN_UNINITIALIZED_AUTOS = YES_AGGRESSIVE;
				GCC_WARN_UNUSED_FUNCTION = YES;
				GCC_WARN_UNUSED_VARIABLE = YES;
				IPHONEOS_DEPLOYMENT_TARGET = 11.1;
				MTL_ENABLE_DEBUG_INFO = YES;
				ONLY_ACTIVE_ARCH = YES;
				SDKROOT = iphoneos;
			};
			name = Debug;
		};
		CECFB0E41FB33BFB00F3FD26 /* Release */ = {
			isa = XCBuildConfiguration;
			buildSettings = {
				ALWAYS_SEARCH_USER_PATHS = NO;
				CLANG_ANALYZER_NONNULL = YES;
				CLANG_ANALYZER_NUMBER_OBJECT_CONVERSION = YES_AGGRESSIVE;
				CLANG_CXX_LANGUAGE_STANDARD = "gnu++14";
				CLANG_CXX_LIBRARY = "libc++";
				CLANG_ENABLE_MODULES = YES;
				CLANG_ENABLE_OBJC_ARC = YES;
				CLANG_WARN_BLOCK_CAPTURE_AUTORELEASING = YES;
				CLANG_WARN_BOOL_CONVERSION = YES;
				CLANG_WARN_COMMA = YES;
				CLANG_WARN_CONSTANT_CONVERSION = YES;
				CLANG_WARN_DIRECT_OBJC_ISA_USAGE = YES_ERROR;
				CLANG_WARN_DOCUMENTATION_COMMENTS = YES;
				CLANG_WARN_EMPTY_BODY = YES;
				CLANG_WARN_ENUM_CONVERSION = YES;
				CLANG_WARN_INFINITE_RECURSION = YES;
				CLANG_WARN_INT_CONVERSION = YES;
				CLANG_WARN_NON_LITERAL_NULL_CONVERSION = YES;
				CLANG_WARN_OBJC_LITERAL_CONVERSION = YES;
				CLANG_WARN_OBJC_ROOT_CLASS = YES_ERROR;
				CLANG_WARN_RANGE_LOOP_ANALYSIS = YES;
				CLANG_WARN_STRICT_PROTOTYPES = YES;
				CLANG_WARN_SUSPICIOUS_MOVE = YES;
				CLANG_WARN_UNGUARDED_AVAILABILITY = YES_AGGRESSIVE;
				CLANG_WARN_UNREACHABLE_CODE = YES;
				CLANG_WARN__DUPLICATE_METHOD_MATCH = YES;
				CODE_SIGN_IDENTITY = "iPhone Developer";
				COPY_PHASE_STRIP = NO;
				DEBUG_INFORMATION_FORMAT = "dwarf-with-dsym";
				ENABLE_NS_ASSERTIONS = NO;
				ENABLE_STRICT_OBJC_MSGSEND = YES;
				GCC_C_LANGUAGE_STANDARD = gnu11;
				GCC_NO_COMMON_BLOCKS = YES;
				GCC_WARN_64_TO_32_BIT_CONVERSION = YES;
				GCC_WARN_ABOUT_RETURN_TYPE = YES_ERROR;
				GCC_WARN_UNDECLARED_SELECTOR = YES;
				GCC_WARN_UNINITIALIZED_AUTOS = YES_AGGRESSIVE;
				GCC_WARN_UNUSED_FUNCTION = YES;
				GCC_WARN_UNUSED_VARIABLE = YES;
				IPHONEOS_DEPLOYMENT_TARGET = 11.1;
				MTL_ENABLE_DEBUG_INFO = NO;
				SDKROOT = iphoneos;
				VALIDATE_PRODUCT = YES;
			};
			name = Release;
		};
		CECFB0E61FB33BFB00F3FD26 /* Debug */ = {
			isa = XCBuildConfiguration;
			buildSettings = {
				ASSETCATALOG_COMPILER_APPICON_NAME = AppIcon;
				CODE_SIGN_STYLE = Automatic;
				INFOPLIST_FILE = Test/Info.plist;
				LD_RUNPATH_SEARCH_PATHS = "$(inherited) @executable_path/Frameworks";
				PRODUCT_BUNDLE_IDENTIFIER = user.Test;
				PRODUCT_NAME = "$(TARGET_NAME)";
				TARGETED_DEVICE_FAMILY = "1,2";
			};
			name = Debug;
		};
		CECFB0E71FB33BFB00F3FD26 /* Release */ = {
			isa = XCBuildConfiguration;
			buildSettings = {
				ASSETCATALOG_COMPILER_APPICON_NAME = AppIcon;
				CODE_SIGN_STYLE = Automatic;
				INFOPLIST_FILE = Test/Info.plist;
				LD_RUNPATH_SEARCH_PATHS = "$(inherited) @executable_path/Frameworks";
				PRODUCT_BUNDLE_IDENTIFIER = user.Test;
				PRODUCT_NAME = "$(TARGET_NAME)";
				TARGETED_DEVICE_FAMILY = "1,2";
			};
			name = Release;
		};
/* End XCBuildConfiguration section */

/* Begin XCConfigurationList section */
		CECFB0CA1FB33BFB00F3FD26 /* Build configuration list for PBXProject "Test" */ = {
			isa = XCConfigurationList;
			buildConfigurations = (
				CECFB0E31FB33BFB00F3FD26 /* Debug */,
				CECFB0E41FB33BFB00F3FD26 /* Release */,
			);
			defaultConfigurationIsVisible = 0;
			defaultConfigurationName = Release;
		};
		CECFB0E51FB33BFB00F3FD26 /* Build configuration list for PBXNativeTarget "Test" */ = {
			isa = XCConfigurationList;
			buildConfigurations = (
				CECFB0E61FB33BFB00F3FD26 /* Debug */,
				CECFB0E71FB33BFB00F3FD26 /* Release */,
			);
			defaultConfigurationIsVisible = 0;
			defaultConfigurationName = Release;
		};
/* End XCConfigurationList section */
	};
	rootObject = CECFB0C71FB33BFB00F3FD26 /* Project object */;
}
